// !$*UTF8*$!
{
	archiveVersion = 1;
	classes = {
	};
	objectVersion = 46;
	objects = {

/* Begin PBXBuildFile section */
		6A28A439184B6E5D0081D764 /* Board.m in Sources */ = {isa = PBXBuildFile; fileRef = 6A28A438184B6E5D0081D764 /* Board.m */; };
		6A28A43C184B6F570081D764 /* Player.m in Sources */ = {isa = PBXBuildFile; fileRef = 6A28A43B184B6F570081D764 /* Player.m */; };
		6A6925A71840D2310025DC5D /* CardCombination.m in Sources */ = {isa = PBXBuildFile; fileRef = 6A6925A61840D2310025DC5D /* CardCombination.m */; };
		6A6925A9184260390025DC5D /* CardCombinationTest.m in Sources */ = {isa = PBXBuildFile; fileRef = 6A6925A8184260390025DC5D /* CardCombinationTest.m */; };
		6A81AB4A183D67610083616C /* MultipeerConnectivity.framework in Frameworks */ = {isa = PBXBuildFile; fileRef = 6A81AB49183D67610083616C /* MultipeerConnectivity.framework */; };
		6A81AB4E183D67A80083616C /* MultipeerConnectionNetworkModel.m in Sources */ = {isa = PBXBuildFile; fileRef = 6A81AB4D183D67A80083616C /* MultipeerConnectionNetworkModel.m */; };
		6A81AB51183D72AB0083616C /* HostNetworkModel.m in Sources */ = {isa = PBXBuildFile; fileRef = 6A81AB50183D72AB0083616C /* HostNetworkModel.m */; };
		6A81AB54183D73F00083616C /* JoiningNetworkModel.m in Sources */ = {isa = PBXBuildFile; fileRef = 6A81AB53183D73F00083616C /* JoiningNetworkModel.m */; };
		6A8D29BB186779AC00042C56 /* GameLogicModel.m in Sources */ = {isa = PBXBuildFile; fileRef = 6A8D29BA186779AC00042C56 /* GameLogicModel.m */; };
		6A8D29BD1868593D00042C56 /* GameModelTests.m in Sources */ = {isa = PBXBuildFile; fileRef = 6A8D29BC1868593D00042C56 /* GameModelTests.m */; };
		6A920C251834249D00E7E685 /* Foundation.framework in Frameworks */ = {isa = PBXBuildFile; fileRef = 6A920C241834249D00E7E685 /* Foundation.framework */; };
		6A920C271834249D00E7E685 /* CoreGraphics.framework in Frameworks */ = {isa = PBXBuildFile; fileRef = 6A920C261834249D00E7E685 /* CoreGraphics.framework */; };
		6A920C291834249D00E7E685 /* UIKit.framework in Frameworks */ = {isa = PBXBuildFile; fileRef = 6A920C281834249D00E7E685 /* UIKit.framework */; };
		6A920C2F1834249D00E7E685 /* InfoPlist.strings in Resources */ = {isa = PBXBuildFile; fileRef = 6A920C2D1834249D00E7E685 /* InfoPlist.strings */; };
		6A920C311834249D00E7E685 /* main.m in Sources */ = {isa = PBXBuildFile; fileRef = 6A920C301834249D00E7E685 /* main.m */; };
		6A920C351834249D00E7E685 /* AppDelegate.m in Sources */ = {isa = PBXBuildFile; fileRef = 6A920C341834249D00E7E685 /* AppDelegate.m */; };
		6A920C371834249D00E7E685 /* Images.xcassets in Resources */ = {isa = PBXBuildFile; fileRef = 6A920C361834249D00E7E685 /* Images.xcassets */; };
		6A920C3E1834249D00E7E685 /* XCTest.framework in Frameworks */ = {isa = PBXBuildFile; fileRef = 6A920C3D1834249D00E7E685 /* XCTest.framework */; };
		6A920C3F1834249D00E7E685 /* Foundation.framework in Frameworks */ = {isa = PBXBuildFile; fileRef = 6A920C241834249D00E7E685 /* Foundation.framework */; };
		6A920C401834249D00E7E685 /* UIKit.framework in Frameworks */ = {isa = PBXBuildFile; fileRef = 6A920C281834249D00E7E685 /* UIKit.framework */; };
		6A920C481834249D00E7E685 /* InfoPlist.strings in Resources */ = {isa = PBXBuildFile; fileRef = 6A920C461834249D00E7E685 /* InfoPlist.strings */; };
		6A920C4A1834249D00E7E685 /* TexasHoldemGameTests.m in Sources */ = {isa = PBXBuildFile; fileRef = 6A920C491834249D00E7E685 /* TexasHoldemGameTests.m */; };
		6A920C6C183435BE00E7E685 /* MenuViewController.m in Sources */ = {isa = PBXBuildFile; fileRef = 6A920C6B183435BE00E7E685 /* MenuViewController.m */; };
		6A920C6F18343E9600E7E685 /* HostViewController.m in Sources */ = {isa = PBXBuildFile; fileRef = 6A920C6E18343E9600E7E685 /* HostViewController.m */; };
		6A920C7218343EB500E7E685 /* JoinViewController.m in Sources */ = {isa = PBXBuildFile; fileRef = 6A920C7118343EB500E7E685 /* JoinViewController.m */; };
		6A920C7518343EC400E7E685 /* SettingsViewController.m in Sources */ = {isa = PBXBuildFile; fileRef = 6A920C7418343EC400E7E685 /* SettingsViewController.m */; };
		6A920C7818343ED500E7E685 /* InfoViewController.m in Sources */ = {isa = PBXBuildFile; fileRef = 6A920C7718343ED500E7E685 /* InfoViewController.m */; };
		6AC311FB1835893B0078C2BB /* WaitForOtherPlayersViewController.m in Sources */ = {isa = PBXBuildFile; fileRef = 6AC311FA1835893B0078C2BB /* WaitForOtherPlayersViewController.m */; };
		6AC3120218358A530078C2BB /* MainBoardViewController.m in Sources */ = {isa = PBXBuildFile; fileRef = 6AC3120118358A530078C2BB /* MainBoardViewController.m */; };
		6AC312051835AAAF0078C2BB /* LoadingGameSettingsViewController.m in Sources */ = {isa = PBXBuildFile; fileRef = 6AC312041835AAAF0078C2BB /* LoadingGameSettingsViewController.m */; };
		6AC312061835AFB60078C2BB /* Storyboard.storyboard in Resources */ = {isa = PBXBuildFile; fileRef = 6AC312081835AFB60078C2BB /* Storyboard.storyboard */; };
		6AFA57CE18403F30003D8F33 /* Card.m in Sources */ = {isa = PBXBuildFile; fileRef = 6AFA57CD18403F30003D8F33 /* Card.m */; };
		6AFA57D1184040E3003D8F33 /* Deck.m in Sources */ = {isa = PBXBuildFile; fileRef = 6AFA57D0184040E3003D8F33 /* Deck.m */; };
		6AFA57D318405042003D8F33 /* DeckTest.m in Sources */ = {isa = PBXBuildFile; fileRef = 6AFA57D218405042003D8F33 /* DeckTest.m */; };
/* End PBXBuildFile section */

/* Begin PBXContainerItemProxy section */
		6A920C411834249D00E7E685 /* PBXContainerItemProxy */ = {
			isa = PBXContainerItemProxy;
			containerPortal = 6A920C191834249D00E7E685 /* Project object */;
			proxyType = 1;
			remoteGlobalIDString = 6A920C201834249D00E7E685;
			remoteInfo = TexasHoldemGame;
		};
/* End PBXContainerItemProxy section */

/* Begin PBXFileReference section */
		6A28A437184B6E5D0081D764 /* Board.h */ = {isa = PBXFileReference; fileEncoding = 4; lastKnownFileType = sourcecode.c.h; path = Board.h; sourceTree = "<group>"; };
		6A28A438184B6E5D0081D764 /* Board.m */ = {isa = PBXFileReference; fileEncoding = 4; lastKnownFileType = sourcecode.c.objc; path = Board.m; sourceTree = "<group>"; };
		6A28A43A184B6F570081D764 /* Player.h */ = {isa = PBXFileReference; fileEncoding = 4; lastKnownFileType = sourcecode.c.h; path = Player.h; sourceTree = "<group>"; };
		6A28A43B184B6F570081D764 /* Player.m */ = {isa = PBXFileReference; fileEncoding = 4; lastKnownFileType = sourcecode.c.objc; path = Player.m; sourceTree = "<group>"; };
		6A6925A51840D2310025DC5D /* CardCombination.h */ = {isa = PBXFileReference; fileEncoding = 4; lastKnownFileType = sourcecode.c.h; path = CardCombination.h; sourceTree = "<group>"; };
		6A6925A61840D2310025DC5D /* CardCombination.m */ = {isa = PBXFileReference; fileEncoding = 4; lastKnownFileType = sourcecode.c.objc; path = CardCombination.m; sourceTree = "<group>"; };
		6A6925A8184260390025DC5D /* CardCombinationTest.m */ = {isa = PBXFileReference; fileEncoding = 4; lastKnownFileType = sourcecode.c.objc; path = CardCombinationTest.m; sourceTree = "<group>"; };
		6A81AB49183D67610083616C /* MultipeerConnectivity.framework */ = {isa = PBXFileReference; lastKnownFileType = wrapper.framework; name = MultipeerConnectivity.framework; path = System/Library/Frameworks/MultipeerConnectivity.framework; sourceTree = SDKROOT; };
		6A81AB4C183D67A80083616C /* MultipeerConnectionNetworkModel.h */ = {isa = PBXFileReference; fileEncoding = 4; lastKnownFileType = sourcecode.c.h; path = MultipeerConnectionNetworkModel.h; sourceTree = "<group>"; };
		6A81AB4D183D67A80083616C /* MultipeerConnectionNetworkModel.m */ = {isa = PBXFileReference; fileEncoding = 4; lastKnownFileType = sourcecode.c.objc; path = MultipeerConnectionNetworkModel.m; sourceTree = "<group>"; };
		6A81AB4F183D72AB0083616C /* HostNetworkModel.h */ = {isa = PBXFileReference; fileEncoding = 4; lastKnownFileType = sourcecode.c.h; path = HostNetworkModel.h; sourceTree = "<group>"; };
		6A81AB50183D72AB0083616C /* HostNetworkModel.m */ = {isa = PBXFileReference; fileEncoding = 4; lastKnownFileType = sourcecode.c.objc; path = HostNetworkModel.m; sourceTree = "<group>"; };
		6A81AB52183D73F00083616C /* JoiningNetworkModel.h */ = {isa = PBXFileReference; fileEncoding = 4; lastKnownFileType = sourcecode.c.h; path = JoiningNetworkModel.h; sourceTree = "<group>"; };
		6A81AB53183D73F00083616C /* JoiningNetworkModel.m */ = {isa = PBXFileReference; fileEncoding = 4; lastKnownFileType = sourcecode.c.objc; path = JoiningNetworkModel.m; sourceTree = "<group>"; };
		6A8D29B9186779AC00042C56 /* GameLogicModel.h */ = {isa = PBXFileReference; fileEncoding = 4; lastKnownFileType = sourcecode.c.h; path = GameLogicModel.h; sourceTree = "<group>"; };
		6A8D29BA186779AC00042C56 /* GameLogicModel.m */ = {isa = PBXFileReference; fileEncoding = 4; lastKnownFileType = sourcecode.c.objc; path = GameLogicModel.m; sourceTree = "<group>"; };
		6A8D29BC1868593D00042C56 /* GameModelTests.m */ = {isa = PBXFileReference; fileEncoding = 4; lastKnownFileType = sourcecode.c.objc; path = GameModelTests.m; sourceTree = "<group>"; };
		6A920C211834249D00E7E685 /* TexasHoldemGame.app */ = {isa = PBXFileReference; explicitFileType = wrapper.application; includeInIndex = 0; path = TexasHoldemGame.app; sourceTree = BUILT_PRODUCTS_DIR; };
		6A920C241834249D00E7E685 /* Foundation.framework */ = {isa = PBXFileReference; lastKnownFileType = wrapper.framework; name = Foundation.framework; path = System/Library/Frameworks/Foundation.framework; sourceTree = SDKROOT; };
		6A920C261834249D00E7E685 /* CoreGraphics.framework */ = {isa = PBXFileReference; lastKnownFileType = wrapper.framework; name = CoreGraphics.framework; path = System/Library/Frameworks/CoreGraphics.framework; sourceTree = SDKROOT; };
		6A920C281834249D00E7E685 /* UIKit.framework */ = {isa = PBXFileReference; lastKnownFileType = wrapper.framework; name = UIKit.framework; path = System/Library/Frameworks/UIKit.framework; sourceTree = SDKROOT; };
		6A920C2C1834249D00E7E685 /* TexasHoldemGame-Info.plist */ = {isa = PBXFileReference; lastKnownFileType = text.plist.xml; path = "TexasHoldemGame-Info.plist"; sourceTree = "<group>"; };
		6A920C2E1834249D00E7E685 /* en */ = {isa = PBXFileReference; lastKnownFileType = text.plist.strings; name = en; path = en.lproj/InfoPlist.strings; sourceTree = "<group>"; };
		6A920C301834249D00E7E685 /* main.m */ = {isa = PBXFileReference; lastKnownFileType = sourcecode.c.objc; path = main.m; sourceTree = "<group>"; };
		6A920C321834249D00E7E685 /* TexasHoldemGame-Prefix.pch */ = {isa = PBXFileReference; lastKnownFileType = sourcecode.c.h; path = "TexasHoldemGame-Prefix.pch"; sourceTree = "<group>"; };
		6A920C331834249D00E7E685 /* AppDelegate.h */ = {isa = PBXFileReference; lastKnownFileType = sourcecode.c.h; path = AppDelegate.h; sourceTree = "<group>"; };
		6A920C341834249D00E7E685 /* AppDelegate.m */ = {isa = PBXFileReference; lastKnownFileType = sourcecode.c.objc; path = AppDelegate.m; sourceTree = "<group>"; };
		6A920C361834249D00E7E685 /* Images.xcassets */ = {isa = PBXFileReference; lastKnownFileType = folder.assetcatalog; path = Images.xcassets; sourceTree = "<group>"; };
		6A920C3C1834249D00E7E685 /* TexasHoldemGameTests.xctest */ = {isa = PBXFileReference; explicitFileType = wrapper.cfbundle; includeInIndex = 0; path = TexasHoldemGameTests.xctest; sourceTree = BUILT_PRODUCTS_DIR; };
		6A920C3D1834249D00E7E685 /* XCTest.framework */ = {isa = PBXFileReference; lastKnownFileType = wrapper.framework; name = XCTest.framework; path = Library/Frameworks/XCTest.framework; sourceTree = DEVELOPER_DIR; };
		6A920C451834249D00E7E685 /* TexasHoldemGameTests-Info.plist */ = {isa = PBXFileReference; lastKnownFileType = text.plist.xml; path = "TexasHoldemGameTests-Info.plist"; sourceTree = "<group>"; };
		6A920C471834249D00E7E685 /* en */ = {isa = PBXFileReference; lastKnownFileType = text.plist.strings; name = en; path = en.lproj/InfoPlist.strings; sourceTree = "<group>"; };
		6A920C491834249D00E7E685 /* TexasHoldemGameTests.m */ = {isa = PBXFileReference; lastKnownFileType = sourcecode.c.objc; path = TexasHoldemGameTests.m; sourceTree = "<group>"; };
		6A920C6A183435BE00E7E685 /* MenuViewController.h */ = {isa = PBXFileReference; fileEncoding = 4; lastKnownFileType = sourcecode.c.h; name = MenuViewController.h; path = "views and view controllers/MenuViewController.h"; sourceTree = "<group>"; };
		6A920C6B183435BE00E7E685 /* MenuViewController.m */ = {isa = PBXFileReference; fileEncoding = 4; lastKnownFileType = sourcecode.c.objc; name = MenuViewController.m; path = "views and view controllers/MenuViewController.m"; sourceTree = "<group>"; };
		6A920C6D18343E9600E7E685 /* HostViewController.h */ = {isa = PBXFileReference; fileEncoding = 4; lastKnownFileType = sourcecode.c.h; path = HostViewController.h; sourceTree = "<group>"; };
		6A920C6E18343E9600E7E685 /* HostViewController.m */ = {isa = PBXFileReference; fileEncoding = 4; lastKnownFileType = sourcecode.c.objc; path = HostViewController.m; sourceTree = "<group>"; };
		6A920C7018343EB500E7E685 /* JoinViewController.h */ = {isa = PBXFileReference; fileEncoding = 4; lastKnownFileType = sourcecode.c.h; path = JoinViewController.h; sourceTree = "<group>"; };
		6A920C7118343EB500E7E685 /* JoinViewController.m */ = {isa = PBXFileReference; fileEncoding = 4; lastKnownFileType = sourcecode.c.objc; path = JoinViewController.m; sourceTree = "<group>"; };
		6A920C7318343EC400E7E685 /* SettingsViewController.h */ = {isa = PBXFileReference; fileEncoding = 4; lastKnownFileType = sourcecode.c.h; path = SettingsViewController.h; sourceTree = "<group>"; };
		6A920C7418343EC400E7E685 /* SettingsViewController.m */ = {isa = PBXFileReference; fileEncoding = 4; lastKnownFileType = sourcecode.c.objc; path = SettingsViewController.m; sourceTree = "<group>"; };
		6A920C7618343ED500E7E685 /* InfoViewController.h */ = {isa = PBXFileReference; fileEncoding = 4; lastKnownFileType = sourcecode.c.h; path = InfoViewController.h; sourceTree = "<group>"; };
		6A920C7718343ED500E7E685 /* InfoViewController.m */ = {isa = PBXFileReference; fileEncoding = 4; lastKnownFileType = sourcecode.c.objc; path = InfoViewController.m; sourceTree = "<group>"; };
		6AC311F91835893B0078C2BB /* WaitForOtherPlayersViewController.h */ = {isa = PBXFileReference; fileEncoding = 4; lastKnownFileType = sourcecode.c.h; name = WaitForOtherPlayersViewController.h; path = "views and view controllers/host/WaitForOtherPlayersViewController.h"; sourceTree = "<group>"; };
		6AC311FA1835893B0078C2BB /* WaitForOtherPlayersViewController.m */ = {isa = PBXFileReference; fileEncoding = 4; lastKnownFileType = sourcecode.c.objc; name = WaitForOtherPlayersViewController.m; path = "views and view controllers/host/WaitForOtherPlayersViewController.m"; sourceTree = "<group>"; };
		6AC3120018358A530078C2BB /* MainBoardViewController.h */ = {isa = PBXFileReference; fileEncoding = 4; lastKnownFileType = sourcecode.c.h; name = MainBoardViewController.h; path = "views and view controllers/game/MainBoardViewController.h"; sourceTree = "<group>"; };
		6AC3120118358A530078C2BB /* MainBoardViewController.m */ = {isa = PBXFileReference; fileEncoding = 4; lastKnownFileType = sourcecode.c.objc; name = MainBoardViewController.m; path = "views and view controllers/game/MainBoardViewController.m"; sourceTree = "<group>"; };
		6AC312031835AAAF0078C2BB /* LoadingGameSettingsViewController.h */ = {isa = PBXFileReference; fileEncoding = 4; lastKnownFileType = sourcecode.c.h; name = LoadingGameSettingsViewController.h; path = "views and view controllers/game/LoadingGameSettingsViewController.h"; sourceTree = "<group>"; };
		6AC312041835AAAF0078C2BB /* LoadingGameSettingsViewController.m */ = {isa = PBXFileReference; fileEncoding = 4; lastKnownFileType = sourcecode.c.objc; name = LoadingGameSettingsViewController.m; path = "views and view controllers/game/LoadingGameSettingsViewController.m"; sourceTree = "<group>"; };
		6AC312091835AFCB0078C2BB /* Base */ = {isa = PBXFileReference; lastKnownFileType = file.storyboard; name = Base; path = Base.lproj/Storyboard.storyboard; sourceTree = "<group>"; };
		6AC3120A1835B0550078C2BB /* pl-PL */ = {isa = PBXFileReference; lastKnownFileType = text.plist.strings; name = "pl-PL"; path = "pl-PL.lproj/InfoPlist.strings"; sourceTree = "<group>"; };
		6AC3120B1835B0550078C2BB /* pl-PL */ = {isa = PBXFileReference; lastKnownFileType = text.plist.strings; name = "pl-PL"; path = "pl-PL.lproj/InfoPlist.strings"; sourceTree = "<group>"; };
		6AC3120C1835B0550078C2BB /* pl-PL */ = {isa = PBXFileReference; lastKnownFileType = text.plist.strings; name = "pl-PL"; path = "pl-PL.lproj/Storyboard.strings"; sourceTree = "<group>"; };
		6AFA57CC18403F30003D8F33 /* Card.h */ = {isa = PBXFileReference; fileEncoding = 4; lastKnownFileType = sourcecode.c.h; path = Card.h; sourceTree = "<group>"; };
		6AFA57CD18403F30003D8F33 /* Card.m */ = {isa = PBXFileReference; fileEncoding = 4; lastKnownFileType = sourcecode.c.objc; path = Card.m; sourceTree = "<group>"; };
		6AFA57CF184040E3003D8F33 /* Deck.h */ = {isa = PBXFileReference; fileEncoding = 4; lastKnownFileType = sourcecode.c.h; path = Deck.h; sourceTree = "<group>"; };
		6AFA57D0184040E3003D8F33 /* Deck.m */ = {isa = PBXFileReference; fileEncoding = 4; lastKnownFileType = sourcecode.c.objc; path = Deck.m; sourceTree = "<group>"; };
		6AFA57D218405042003D8F33 /* DeckTest.m */ = {isa = PBXFileReference; fileEncoding = 4; lastKnownFileType = sourcecode.c.objc; path = DeckTest.m; sourceTree = "<group>"; };
/* End PBXFileReference section */

/* Begin PBXFrameworksBuildPhase section */
		6A920C1E1834249D00E7E685 /* Frameworks */ = {
			isa = PBXFrameworksBuildPhase;
			buildActionMask = 2147483647;
			files = (
				6A81AB4A183D67610083616C /* MultipeerConnectivity.framework in Frameworks */,
				6A920C271834249D00E7E685 /* CoreGraphics.framework in Frameworks */,
				6A920C291834249D00E7E685 /* UIKit.framework in Frameworks */,
				6A920C251834249D00E7E685 /* Foundation.framework in Frameworks */,
			);
			runOnlyForDeploymentPostprocessing = 0;
		};
		6A920C391834249D00E7E685 /* Frameworks */ = {
			isa = PBXFrameworksBuildPhase;
			buildActionMask = 2147483647;
			files = (
				6A920C3E1834249D00E7E685 /* XCTest.framework in Frameworks */,
				6A920C401834249D00E7E685 /* UIKit.framework in Frameworks */,
				6A920C3F1834249D00E7E685 /* Foundation.framework in Frameworks */,
			);
			runOnlyForDeploymentPostprocessing = 0;
		};
/* End PBXFrameworksBuildPhase section */

/* Begin PBXGroup section */
		6A81AB4B183D67760083616C /* model */ = {
			isa = PBXGroup;
			children = (
				6AFA57CB18403F00003D8F33 /* game */,
				6A81AB55183D74580083616C /* multipeer connection */,
			);
			name = model;
			sourceTree = "<group>";
		};
		6A81AB55183D74580083616C /* multipeer connection */ = {
			isa = PBXGroup;
			children = (
				6A81AB4C183D67A80083616C /* MultipeerConnectionNetworkModel.h */,
				6A81AB4D183D67A80083616C /* MultipeerConnectionNetworkModel.m */,
				6A81AB4F183D72AB0083616C /* HostNetworkModel.h */,
				6A81AB50183D72AB0083616C /* HostNetworkModel.m */,
				6A81AB52183D73F00083616C /* JoiningNetworkModel.h */,
				6A81AB53183D73F00083616C /* JoiningNetworkModel.m */,
			);
			name = "multipeer connection";
			sourceTree = "<group>";
		};
		6A920C181834249D00E7E685 = {
			isa = PBXGroup;
			children = (
				6A920C2A1834249D00E7E685 /* TexasHoldemGame */,
				6A920C431834249D00E7E685 /* TexasHoldemGameTests */,
				6A920C231834249D00E7E685 /* Frameworks */,
				6A920C221834249D00E7E685 /* Products */,
			);
			sourceTree = "<group>";
		};
		6A920C221834249D00E7E685 /* Products */ = {
			isa = PBXGroup;
			children = (
				6A920C211834249D00E7E685 /* TexasHoldemGame.app */,
				6A920C3C1834249D00E7E685 /* TexasHoldemGameTests.xctest */,
			);
			name = Products;
			sourceTree = "<group>";
		};
		6A920C231834249D00E7E685 /* Frameworks */ = {
			isa = PBXGroup;
			children = (
				6A81AB49183D67610083616C /* MultipeerConnectivity.framework */,
				6A920C241834249D00E7E685 /* Foundation.framework */,
				6A920C261834249D00E7E685 /* CoreGraphics.framework */,
				6A920C281834249D00E7E685 /* UIKit.framework */,
				6A920C3D1834249D00E7E685 /* XCTest.framework */,
			);
			name = Frameworks;
			sourceTree = "<group>";
		};
		6A920C2A1834249D00E7E685 /* TexasHoldemGame */ = {
			isa = PBXGroup;
			children = (
				6A81AB4B183D67760083616C /* model */,
				6A920C691834357200E7E685 /* views and view controllers */,
				6A920C331834249D00E7E685 /* AppDelegate.h */,
				6A920C341834249D00E7E685 /* AppDelegate.m */,
				6A920C361834249D00E7E685 /* Images.xcassets */,
				6A920C2B1834249D00E7E685 /* Supporting Files */,
			);
			path = TexasHoldemGame;
			sourceTree = "<group>";
		};
		6A920C2B1834249D00E7E685 /* Supporting Files */ = {
			isa = PBXGroup;
			children = (
				6A920C2C1834249D00E7E685 /* TexasHoldemGame-Info.plist */,
				6A920C2D1834249D00E7E685 /* InfoPlist.strings */,
				6A920C301834249D00E7E685 /* main.m */,
				6A920C321834249D00E7E685 /* TexasHoldemGame-Prefix.pch */,
				6AC312081835AFB60078C2BB /* Storyboard.storyboard */,
			);
			name = "Supporting Files";
			sourceTree = "<group>";
		};
		6A920C431834249D00E7E685 /* TexasHoldemGameTests */ = {
			isa = PBXGroup;
			children = (
				6A920C491834249D00E7E685 /* TexasHoldemGameTests.m */,
				6AFA57D218405042003D8F33 /* DeckTest.m */,
				6A6925A8184260390025DC5D /* CardCombinationTest.m */,
				6A8D29BC1868593D00042C56 /* GameModelTests.m */,
				6A920C441834249D00E7E685 /* Supporting Files */,
			);
			path = TexasHoldemGameTests;
			sourceTree = "<group>";
		};
		6A920C441834249D00E7E685 /* Supporting Files */ = {
			isa = PBXGroup;
			children = (
				6A920C451834249D00E7E685 /* TexasHoldemGameTests-Info.plist */,
				6A920C461834249D00E7E685 /* InfoPlist.strings */,
			);
			name = "Supporting Files";
			sourceTree = "<group>";
		};
		6A920C691834357200E7E685 /* views and view controllers */ = {
			isa = PBXGroup;
			children = (
				6AC311FF18358A2E0078C2BB /* game */,
				6AC311FC183589AF0078C2BB /* menu */,
				6A920C7918343EDB00E7E685 /* host */,
				6A920C7A18343EF100E7E685 /* join */,
				6AC311FE183589D90078C2BB /* info, help and about */,
				6AC311FD183589BD0078C2BB /* settings */,
			);
			name = "views and view controllers";
			sourceTree = "<group>";
		};
		6A920C7918343EDB00E7E685 /* host */ = {
			isa = PBXGroup;
			children = (
				6A920C6D18343E9600E7E685 /* HostViewController.h */,
				6A920C6E18343E9600E7E685 /* HostViewController.m */,
				6AC311F91835893B0078C2BB /* WaitForOtherPlayersViewController.h */,
				6AC311FA1835893B0078C2BB /* WaitForOtherPlayersViewController.m */,
			);
			name = host;
			sourceTree = "<group>";
		};
		6A920C7A18343EF100E7E685 /* join */ = {
			isa = PBXGroup;
			children = (
				6A920C7018343EB500E7E685 /* JoinViewController.h */,
				6A920C7118343EB500E7E685 /* JoinViewController.m */,
			);
			name = join;
			sourceTree = "<group>";
		};
		6AACEE5A1860123900C2836B /* board and cards combination */ = {
			isa = PBXGroup;
			children = (
				6AFA57CC18403F30003D8F33 /* Card.h */,
				6AFA57CD18403F30003D8F33 /* Card.m */,
				6AFA57CF184040E3003D8F33 /* Deck.h */,
				6AFA57D0184040E3003D8F33 /* Deck.m */,
				6A6925A51840D2310025DC5D /* CardCombination.h */,
				6A6925A61840D2310025DC5D /* CardCombination.m */,
				6A28A437184B6E5D0081D764 /* Board.h */,
				6A28A438184B6E5D0081D764 /* Board.m */,
				6A28A43A184B6F570081D764 /* Player.h */,
				6A28A43B184B6F570081D764 /* Player.m */,
			);
			name = "board and cards combination";
			sourceTree = "<group>";
		};
		6AACEE5B1860128500C2836B /* game logic */ = {
			isa = PBXGroup;
			children = (
				6A8D29B9186779AC00042C56 /* GameLogicModel.h */,
				6A8D29BA186779AC00042C56 /* GameLogicModel.m */,
			);
			name = "game logic";
			sourceTree = "<group>";
		};
		6AC311FC183589AF0078C2BB /* menu */ = {
			isa = PBXGroup;
			children = (
				6A920C6A183435BE00E7E685 /* MenuViewController.h */,
				6A920C6B183435BE00E7E685 /* MenuViewController.m */,
			);
			name = menu;
			sourceTree = "<group>";
		};
		6AC311FD183589BD0078C2BB /* settings */ = {
			isa = PBXGroup;
			children = (
				6A920C7318343EC400E7E685 /* SettingsViewController.h */,
				6A920C7418343EC400E7E685 /* SettingsViewController.m */,
			);
			name = settings;
			sourceTree = "<group>";
		};
		6AC311FE183589D90078C2BB /* info, help and about */ = {
			isa = PBXGroup;
			children = (
				6A920C7618343ED500E7E685 /* InfoViewController.h */,
				6A920C7718343ED500E7E685 /* InfoViewController.m */,
			);
			name = "info, help and about";
			sourceTree = "<group>";
		};
		6AC311FF18358A2E0078C2BB /* game */ = {
			isa = PBXGroup;
			children = (
				6AC3120018358A530078C2BB /* MainBoardViewController.h */,
				6AC3120118358A530078C2BB /* MainBoardViewController.m */,
				6AC312031835AAAF0078C2BB /* LoadingGameSettingsViewController.h */,
				6AC312041835AAAF0078C2BB /* LoadingGameSettingsViewController.m */,
			);
			name = game;
			sourceTree = "<group>";
		};
		6AFA57CB18403F00003D8F33 /* game */ = {
			isa = PBXGroup;
			children = (
				6AACEE5B1860128500C2836B /* game logic */,
				6AACEE5A1860123900C2836B /* board and cards combination */,
			);
			name = game;
			sourceTree = "<group>";
		};
/* End PBXGroup section */

/* Begin PBXNativeTarget section */
		6A920C201834249D00E7E685 /* TexasHoldemGame */ = {
			isa = PBXNativeTarget;
			buildConfigurationList = 6A920C4D1834249D00E7E685 /* Build configuration list for PBXNativeTarget "TexasHoldemGame" */;
			buildPhases = (
				6A920C1D1834249D00E7E685 /* Sources */,
				6A920C1E1834249D00E7E685 /* Frameworks */,
				6A920C1F1834249D00E7E685 /* Resources */,
			);
			buildRules = (
			);
			dependencies = (
			);
			name = TexasHoldemGame;
			productName = TexasHoldemGame;
			productReference = 6A920C211834249D00E7E685 /* TexasHoldemGame.app */;
			productType = "com.apple.product-type.application";
		};
		6A920C3B1834249D00E7E685 /* TexasHoldemGameTests */ = {
			isa = PBXNativeTarget;
			buildConfigurationList = 6A920C501834249D00E7E685 /* Build configuration list for PBXNativeTarget "TexasHoldemGameTests" */;
			buildPhases = (
				6A920C381834249D00E7E685 /* Sources */,
				6A920C391834249D00E7E685 /* Frameworks */,
				6A920C3A1834249D00E7E685 /* Resources */,
			);
			buildRules = (
			);
			dependencies = (
				6A920C421834249D00E7E685 /* PBXTargetDependency */,
			);
			name = TexasHoldemGameTests;
			productName = TexasHoldemGameTests;
			productReference = 6A920C3C1834249D00E7E685 /* TexasHoldemGameTests.xctest */;
			productType = "com.apple.product-type.bundle.unit-test";
		};
/* End PBXNativeTarget section */

/* Begin PBXProject section */
		6A920C191834249D00E7E685 /* Project object */ = {
			isa = PBXProject;
			attributes = {
				LastUpgradeCheck = 0500;
				ORGANIZATIONNAME = WUT;
				TargetAttributes = {
					6A920C3B1834249D00E7E685 = {
						TestTargetID = 6A920C201834249D00E7E685;
					};
				};
			};
			buildConfigurationList = 6A920C1C1834249D00E7E685 /* Build configuration list for PBXProject "TexasHoldemGame" */;
			compatibilityVersion = "Xcode 3.2";
			developmentRegion = English;
			hasScannedForEncodings = 0;
			knownRegions = (
				en,
				Base,
				"pl-PL",
			);
			mainGroup = 6A920C181834249D00E7E685;
			productRefGroup = 6A920C221834249D00E7E685 /* Products */;
			projectDirPath = "";
			projectRoot = "";
			targets = (
				6A920C201834249D00E7E685 /* TexasHoldemGame */,
				6A920C3B1834249D00E7E685 /* TexasHoldemGameTests */,
			);
		};
/* End PBXProject section */

/* Begin PBXResourcesBuildPhase section */
		6A920C1F1834249D00E7E685 /* Resources */ = {
			isa = PBXResourcesBuildPhase;
			buildActionMask = 2147483647;
			files = (
				6A920C2F1834249D00E7E685 /* InfoPlist.strings in Resources */,
				6A920C371834249D00E7E685 /* Images.xcassets in Resources */,
				6AC312061835AFB60078C2BB /* Storyboard.storyboard in Resources */,
			);
			runOnlyForDeploymentPostprocessing = 0;
		};
		6A920C3A1834249D00E7E685 /* Resources */ = {
			isa = PBXResourcesBuildPhase;
			buildActionMask = 2147483647;
			files = (
				6A920C481834249D00E7E685 /* InfoPlist.strings in Resources */,
			);
			runOnlyForDeploymentPostprocessing = 0;
		};
/* End PBXResourcesBuildPhase section */

/* Begin PBXSourcesBuildPhase section */
		6A920C1D1834249D00E7E685 /* Sources */ = {
			isa = PBXSourcesBuildPhase;
			buildActionMask = 2147483647;
			files = (
				6A920C6F18343E9600E7E685 /* HostViewController.m in Sources */,
				6AC3120218358A530078C2BB /* MainBoardViewController.m in Sources */,
				6A81AB51183D72AB0083616C /* HostNetworkModel.m in Sources */,
				6A28A439184B6E5D0081D764 /* Board.m in Sources */,
				6A920C351834249D00E7E685 /* AppDelegate.m in Sources */,
				6A81AB54183D73F00083616C /* JoiningNetworkModel.m in Sources */,
				6AFA57CE18403F30003D8F33 /* Card.m in Sources */,
				6A81AB4E183D67A80083616C /* MultipeerConnectionNetworkModel.m in Sources */,
				6A920C7218343EB500E7E685 /* JoinViewController.m in Sources */,
				6A8D29BB186779AC00042C56 /* GameLogicModel.m in Sources */,
				6AC311FB1835893B0078C2BB /* WaitForOtherPlayersViewController.m in Sources */,
				6A920C7518343EC400E7E685 /* SettingsViewController.m in Sources */,
				6AFA57D1184040E3003D8F33 /* Deck.m in Sources */,
				6A920C6C183435BE00E7E685 /* MenuViewController.m in Sources */,
				6A920C7818343ED500E7E685 /* InfoViewController.m in Sources */,
				6A6925A71840D2310025DC5D /* CardCombination.m in Sources */,
				6AC312051835AAAF0078C2BB /* LoadingGameSettingsViewController.m in Sources */,
				6A28A43C184B6F570081D764 /* Player.m in Sources */,
				6A920C311834249D00E7E685 /* main.m in Sources */,
			);
			runOnlyForDeploymentPostprocessing = 0;
		};
		6A920C381834249D00E7E685 /* Sources */ = {
			isa = PBXSourcesBuildPhase;
			buildActionMask = 2147483647;
			files = (
				6AFA57D318405042003D8F33 /* DeckTest.m in Sources */,
				6A8D29BD1868593D00042C56 /* GameModelTests.m in Sources */,
				6A6925A9184260390025DC5D /* CardCombinationTest.m in Sources */,
				6A920C4A1834249D00E7E685 /* TexasHoldemGameTests.m in Sources */,
			);
			runOnlyForDeploymentPostprocessing = 0;
		};
/* End PBXSourcesBuildPhase section */

/* Begin PBXTargetDependency section */
		6A920C421834249D00E7E685 /* PBXTargetDependency */ = {
			isa = PBXTargetDependency;
			target = 6A920C201834249D00E7E685 /* TexasHoldemGame */;
			targetProxy = 6A920C411834249D00E7E685 /* PBXContainerItemProxy */;
		};
/* End PBXTargetDependency section */

/* Begin PBXVariantGroup section */
		6A920C2D1834249D00E7E685 /* InfoPlist.strings */ = {
			isa = PBXVariantGroup;
			children = (
				6A920C2E1834249D00E7E685 /* en */,
				6AC3120A1835B0550078C2BB /* pl-PL */,
			);
			name = InfoPlist.strings;
			sourceTree = "<group>";
		};
		6A920C461834249D00E7E685 /* InfoPlist.strings */ = {
			isa = PBXVariantGroup;
			children = (
				6A920C471834249D00E7E685 /* en */,
				6AC3120B1835B0550078C2BB /* pl-PL */,
			);
			name = InfoPlist.strings;
			sourceTree = "<group>";
		};
		6AC312081835AFB60078C2BB /* Storyboard.storyboard */ = {
			isa = PBXVariantGroup;
			children = (
				6AC312091835AFCB0078C2BB /* Base */,
				6AC3120C1835B0550078C2BB /* pl-PL */,
			);
			name = Storyboard.storyboard;
			path = Storyboards;
			sourceTree = "<group>";
		};
/* End PBXVariantGroup section */

/* Begin XCBuildConfiguration section */
		6A920C4B1834249D00E7E685 /* Debug */ = {
			isa = XCBuildConfiguration;
			buildSettings = {
				ALWAYS_SEARCH_USER_PATHS = NO;
				ARCHS = "$(ARCHS_STANDARD_INCLUDING_64_BIT)";
				CLANG_CXX_LANGUAGE_STANDARD = "gnu++0x";
				CLANG_CXX_LIBRARY = "libc++";
				CLANG_ENABLE_MODULES = YES;
				CLANG_ENABLE_OBJC_ARC = YES;
				CLANG_WARN_BOOL_CONVERSION = YES;
				CLANG_WARN_CONSTANT_CONVERSION = YES;
				CLANG_WARN_DIRECT_OBJC_ISA_USAGE = YES_ERROR;
				CLANG_WARN_EMPTY_BODY = YES;
				CLANG_WARN_ENUM_CONVERSION = YES;
				CLANG_WARN_INT_CONVERSION = YES;
				CLANG_WARN_OBJC_ROOT_CLASS = YES_ERROR;
				CLANG_WARN__DUPLICATE_METHOD_MATCH = YES;
				"CODE_SIGN_IDENTITY[sdk=iphoneos*]" = "iPhone Developer";
				COPY_PHASE_STRIP = NO;
				GCC_C_LANGUAGE_STANDARD = gnu99;
				GCC_DYNAMIC_NO_PIC = NO;
				GCC_OPTIMIZATION_LEVEL = 0;
				GCC_PREPROCESSOR_DEFINITIONS = (
					"DEBUG=1",
					"$(inherited)",
				);
				GCC_SYMBOLS_PRIVATE_EXTERN = NO;
				GCC_WARN_64_TO_32_BIT_CONVERSION = YES;
				GCC_WARN_ABOUT_RETURN_TYPE = YES_ERROR;
				GCC_WARN_UNDECLARED_SELECTOR = YES;
				GCC_WARN_UNINITIALIZED_AUTOS = YES;
				GCC_WARN_UNUSED_FUNCTION = YES;
				GCC_WARN_UNUSED_VARIABLE = YES;
				IPHONEOS_DEPLOYMENT_TARGET = 7.0;
				ONLY_ACTIVE_ARCH = YES;
				SDKROOT = iphoneos;
				TARGETED_DEVICE_FAMILY = "1,2";
			};
			name = Debug;
		};
		6A920C4C1834249D00E7E685 /* Release */ = {
			isa = XCBuildConfiguration;
			buildSettings = {
				ALWAYS_SEARCH_USER_PATHS = NO;
				ARCHS = "$(ARCHS_STANDARD_INCLUDING_64_BIT)";
				CLANG_CXX_LANGUAGE_STANDARD = "gnu++0x";
				CLANG_CXX_LIBRARY = "libc++";
				CLANG_ENABLE_MODULES = YES;
				CLANG_ENABLE_OBJC_ARC = YES;
				CLANG_WARN_BOOL_CONVERSION = YES;
				CLANG_WARN_CONSTANT_CONVERSION = YES;
				CLANG_WARN_DIRECT_OBJC_ISA_USAGE = YES_ERROR;
				CLANG_WARN_EMPTY_BODY = YES;
				CLANG_WARN_ENUM_CONVERSION = YES;
				CLANG_WARN_INT_CONVERSION = YES;
				CLANG_WARN_OBJC_ROOT_CLASS = YES_ERROR;
				CLANG_WARN__DUPLICATE_METHOD_MATCH = YES;
				"CODE_SIGN_IDENTITY[sdk=iphoneos*]" = "iPhone Developer";
				COPY_PHASE_STRIP = YES;
				ENABLE_NS_ASSERTIONS = NO;
				GCC_C_LANGUAGE_STANDARD = gnu99;
				GCC_WARN_64_TO_32_BIT_CONVERSION = YES;
				GCC_WARN_ABOUT_RETURN_TYPE = YES_ERROR;
				GCC_WARN_UNDECLARED_SELECTOR = YES;
				GCC_WARN_UNINITIALIZED_AUTOS = YES;
				GCC_WARN_UNUSED_FUNCTION = YES;
				GCC_WARN_UNUSED_VARIABLE = YES;
				IPHONEOS_DEPLOYMENT_TARGET = 7.0;
				SDKROOT = iphoneos;
				TARGETED_DEVICE_FAMILY = "1,2";
				VALIDATE_PRODUCT = YES;
			};
			name = Release;
		};
		6A920C4E1834249D00E7E685 /* Debug */ = {
			isa = XCBuildConfiguration;
			buildSettings = {
				ASSETCATALOG_COMPILER_APPICON_NAME = AppIcon;
				ASSETCATALOG_COMPILER_LAUNCHIMAGE_NAME = LaunchImage;
				GCC_PRECOMPILE_PREFIX_HEADER = YES;
				GCC_PREFIX_HEADER = "TexasHoldemGame/TexasHoldemGame-Prefix.pch";
				INFOPLIST_FILE = "TexasHoldemGame/TexasHoldemGame-Info.plist";
				PRODUCT_NAME = "$(TARGET_NAME)";
				TARGETED_DEVICE_FAMILY = 1;
				WRAPPER_EXTENSION = app;
			};
			name = Debug;
		};
		6A920C4F1834249D00E7E685 /* Release */ = {
			isa = XCBuildConfiguration;
			buildSettings = {
				ASSETCATALOG_COMPILER_APPICON_NAME = AppIcon;
				ASSETCATALOG_COMPILER_LAUNCHIMAGE_NAME = LaunchImage;
				GCC_PRECOMPILE_PREFIX_HEADER = YES;
				GCC_PREFIX_HEADER = "TexasHoldemGame/TexasHoldemGame-Prefix.pch";
				INFOPLIST_FILE = "TexasHoldemGame/TexasHoldemGame-Info.plist";
				PRODUCT_NAME = "$(TARGET_NAME)";
				TARGETED_DEVICE_FAMILY = 1;
				WRAPPER_EXTENSION = app;
			};
			name = Release;
		};
		6A920C511834249D00E7E685 /* Debug */ = {
			isa = XCBuildConfiguration;
			buildSettings = {
				ARCHS = "$(ARCHS_STANDARD_INCLUDING_64_BIT)";
				BUNDLE_LOADER = "$(BUILT_PRODUCTS_DIR)/TexasHoldemGame.app/TexasHoldemGame";
				FRAMEWORK_SEARCH_PATHS = (
					"$(SDKROOT)/Developer/Library/Frameworks",
					"$(inherited)",
					"$(DEVELOPER_FRAMEWORKS_DIR)",
				);
				GCC_PRECOMPILE_PREFIX_HEADER = YES;
				GCC_PREFIX_HEADER = "TexasHoldemGame/TexasHoldemGame-Prefix.pch";
				GCC_PREPROCESSOR_DEFINITIONS = (
					"DEBUG=1",
					"$(inherited)",
				);
				INFOPLIST_FILE = "TexasHoldemGameTests/TexasHoldemGameTests-Info.plist";
				PRODUCT_NAME = "$(TARGET_NAME)";
				TEST_HOST = "$(BUNDLE_LOADER)";
				WRAPPER_EXTENSION = xctest;
			};
			name = Debug;
		};
		6A920C521834249D00E7E685 /* Release */ = {
			isa = XCBuildConfiguration;
			buildSettings = {
				ARCHS = "$(ARCHS_STANDARD_INCLUDING_64_BIT)";
				BUNDLE_LOADER = "$(BUILT_PRODUCTS_DIR)/TexasHoldemGame.app/TexasHoldemGame";
				FRAMEWORK_SEARCH_PATHS = (
					"$(SDKROOT)/Developer/Library/Frameworks",
					"$(inherited)",
					"$(DEVELOPER_FRAMEWORKS_DIR)",
				);
				GCC_PRECOMPILE_PREFIX_HEADER = YES;
				GCC_PREFIX_HEADER = "TexasHoldemGame/TexasHoldemGame-Prefix.pch";
				INFOPLIST_FILE = "TexasHoldemGameTests/TexasHoldemGameTests-Info.plist";
				PRODUCT_NAME = "$(TARGET_NAME)";
				TEST_HOST = "$(BUNDLE_LOADER)";
				WRAPPER_EXTENSION = xctest;
			};
			name = Release;
		};
/* End XCBuildConfiguration section */

/* Begin XCConfigurationList section */
		6A920C1C1834249D00E7E685 /* Build configuration list for PBXProject "TexasHoldemGame" */ = {
			isa = XCConfigurationList;
			buildConfigurations = (
				6A920C4B1834249D00E7E685 /* Debug */,
				6A920C4C1834249D00E7E685 /* Release */,
			);
			defaultConfigurationIsVisible = 0;
			defaultConfigurationName = Release;
		};
		6A920C4D1834249D00E7E685 /* Build configuration list for PBXNativeTarget "TexasHoldemGame" */ = {
			isa = XCConfigurationList;
			buildConfigurations = (
				6A920C4E1834249D00E7E685 /* Debug */,
				6A920C4F1834249D00E7E685 /* Release */,
			);
			defaultConfigurationIsVisible = 0;
			defaultConfigurationName = Release;
		};
		6A920C501834249D00E7E685 /* Build configuration list for PBXNativeTarget "TexasHoldemGameTests" */ = {
			isa = XCConfigurationList;
			buildConfigurations = (
				6A920C511834249D00E7E685 /* Debug */,
				6A920C521834249D00E7E685 /* Release */,
			);
			defaultConfigurationIsVisible = 0;
			defaultConfigurationName = Release;
		};
/* End XCConfigurationList section */
	};
	rootObject = 6A920C191834249D00E7E685 /* Project object */;
}
